
Microsoft Visual Studio Solution File, Format Version 12.00
# Visual Studio Version 16
VisualStudioVersion = 16.0.31729.503
MinimumVisualStudioVersion = 10.0.40219.1
Project("{FAE04EC0-301F-11D3-BF4B-00C04F79EFBC}") = "TypesAndVariables", "TypesAndVariables\TypesAndVariables.csproj", "{50FF2539-CE77-4ED5-8877-530B332CEB5F}"
EndProject
Project("{FAE04EC0-301F-11D3-BF4B-00C04F79EFBC}") = "Conditionals", "Conditionals\Conditionals.csproj", "{066B829A-73CE-43E6-98A3-282D2CC0AF78}"
EndProject
Project("{FAE04EC0-301F-11D3-BF4B-00C04F79EFBC}") = "Methods", "Methods\Methods.csproj", "{22EEBDDD-FD77-40BB-9136-C6F6063671F7}"
EndProject
Project("{FAE04EC0-301F-11D3-BF4B-00C04F79EFBC}") = "Arrays", "Arrays\Arrays.csproj", "{3D472EAE-3B3A-4DBE-80F9-3DE264787C70}"
EndProject
Project("{FAE04EC0-301F-11D3-BF4B-00C04F79EFBC}") = "Loops", "Loops\Loops.csproj", "{60AB68B7-B935-4AE1-B26B-6353779E4967}"
EndProject
Project("{FAE04EC0-301F-11D3-BF4B-00C04F79EFBC}") = "Strings", "Strings\Strings.csproj", "{12BEB90F-3F4F-408D-82A1-2A3EDFCED54D}"
EndProject
Project("{FAE04EC0-301F-11D3-BF4B-00C04F79EFBC}") = "Classes", "Classes\Classes.csproj", "{23BF3B79-B447-4981-A601-F0B41DA0289C}"
EndProject
Project("{FAE04EC0-301F-11D3-BF4B-00C04F79EFBC}") = "RecapDemo1", "RecapDemo\RecapDemo1.csproj", "{C4AA033C-7192-4184-9250-A5146C438647}"
EndProject
Project("{FAE04EC0-301F-11D3-BF4B-00C04F79EFBC}") = "Interfaces", "Interfaces\Interfaces.csproj", "{21A07402-CBC7-47E5-BB0F-70810F24D3AD}"
EndProject
Project("{FAE04EC0-301F-11D3-BF4B-00C04F79EFBC}") = "InterfacesDemo", "InterfacesDemo\InterfacesDemo.csproj", "{88AA7BD8-C362-49A2-B37A-6DA41EB9A738}"
EndProject
Project("{FAE04EC0-301F-11D3-BF4B-00C04F79EFBC}") = "Inheritance", "Inheritance\Inheritance.csproj", "{6FC7CCAA-6771-46FE-928E-9EC942D422F9}"
EndProject
Project("{FAE04EC0-301F-11D3-BF4B-00C04F79EFBC}") = "InheritanceSample1_2_3", "InheritanceSample1_2_3\InheritanceSample1_2_3.csproj", "{719DCA87-D40C-4EA3-98B0-AE7713076C5E}"
EndProject
Project("{FAE04EC0-301F-11D3-BF4B-00C04F79EFBC}") = "ProjectCreateTextFile", "ProjectCreateTextFile\ProjectCreateTextFile.csproj", "{BBE8356D-9258-43DB-8E3C-1B64D6966D39}"
EndProject
Global
	GlobalSection(SolutionConfigurationPlatforms) = preSolution
		Debug|Any CPU = Debug|Any CPU
		Release|Any CPU = Release|Any CPU
	EndGlobalSection
	GlobalSection(ProjectConfigurationPlatforms) = postSolution
		{50FF2539-CE77-4ED5-8877-530B332CEB5F}.Debug|Any CPU.ActiveCfg = Debug|Any CPU
		{50FF2539-CE77-4ED5-8877-530B332CEB5F}.Debug|Any CPU.Build.0 = Debug|Any CPU
		{50FF2539-CE77-4ED5-8877-530B332CEB5F}.Release|Any CPU.ActiveCfg = Release|Any CPU
		{50FF2539-CE77-4ED5-8877-530B332CEB5F}.Release|Any CPU.Build.0 = Release|Any CPU
		{066B829A-73CE-43E6-98A3-282D2CC0AF78}.Debug|Any CPU.ActiveCfg = Debug|Any CPU
		{066B829A-73CE-43E6-98A3-282D2CC0AF78}.Debug|Any CPU.Build.0 = Debug|Any CPU
		{066B829A-73CE-43E6-98A3-282D2CC0AF78}.Release|Any CPU.ActiveCfg = Release|Any CPU
		{066B829A-73CE-43E6-98A3-282D2CC0AF78}.Release|Any CPU.Build.0 = Release|Any CPU
		{22EEBDDD-FD77-40BB-9136-C6F6063671F7}.Debug|Any CPU.ActiveCfg = Debug|Any CPU
		{22EEBDDD-FD77-40BB-9136-C6F6063671F7}.Debug|Any CPU.Build.0 = Debug|Any CPU
		{22EEBDDD-FD77-40BB-9136-C6F6063671F7}.Release|Any CPU.ActiveCfg = Release|Any CPU
		{22EEBDDD-FD77-40BB-9136-C6F6063671F7}.Release|Any CPU.Build.0 = Release|Any CPU
		{3D472EAE-3B3A-4DBE-80F9-3DE264787C70}.Debug|Any CPU.ActiveCfg = Debug|Any CPU
		{3D472EAE-3B3A-4DBE-80F9-3DE264787C70}.Debug|Any CPU.Build.0 = Debug|Any CPU
		{3D472EAE-3B3A-4DBE-80F9-3DE264787C70}.Release|Any CPU.ActiveCfg = Release|Any CPU
		{3D472EAE-3B3A-4DBE-80F9-3DE264787C70}.Release|Any CPU.Build.0 = Release|Any CPU
		{60AB68B7-B935-4AE1-B26B-6353779E4967}.Debug|Any CPU.ActiveCfg = Debug|Any CPU
		{60AB68B7-B935-4AE1-B26B-6353779E4967}.Debug|Any CPU.Build.0 = Debug|Any CPU
		{60AB68B7-B935-4AE1-B26B-6353779E4967}.Release|Any CPU.ActiveCfg = Release|Any CPU
		{60AB68B7-B935-4AE1-B26B-6353779E4967}.Release|Any CPU.Build.0 = Release|Any CPU
		{12BEB90F-3F4F-408D-82A1-2A3EDFCED54D}.Debug|Any CPU.ActiveCfg = Debug|Any CPU
		{12BEB90F-3F4F-408D-82A1-2A3EDFCED54D}.Debug|Any CPU.Build.0 = Debug|Any CPU
		{12BEB90F-3F4F-408D-82A1-2A3EDFCED54D}.Release|Any CPU.ActiveCfg = Release|Any CPU
		{12BEB90F-3F4F-408D-82A1-2A3EDFCED54D}.Release|Any CPU.Build.0 = Release|Any CPU
		{23BF3B79-B447-4981-A601-F0B41DA0289C}.Debug|Any CPU.ActiveCfg = Debug|Any CPU
		{23BF3B79-B447-4981-A601-F0B41DA0289C}.Debug|Any CPU.Build.0 = Debug|Any CPU
		{23BF3B79-B447-4981-A601-F0B41DA0289C}.Release|Any CPU.ActiveCfg = Release|Any CPU
		{23BF3B79-B447-4981-A601-F0B41DA0289C}.Release|Any CPU.Build.0 = Release|Any CPU
		{C4AA033C-7192-4184-9250-A5146C438647}.Debug|Any CPU.ActiveCfg = Debug|Any CPU
		{C4AA033C-7192-4184-9250-A5146C438647}.Debug|Any CPU.Build.0 = Debug|Any CPU
		{C4AA033C-7192-4184-9250-A5146C438647}.Release|Any CPU.ActiveCfg = Release|Any CPU
		{C4AA033C-7192-4184-9250-A5146C438647}.Release|Any CPU.Build.0 = Release|Any CPU
		{21A07402-CBC7-47E5-BB0F-70810F24D3AD}.Debug|Any CPU.ActiveCfg = Debug|Any CPU
		{21A07402-CBC7-47E5-BB0F-70810F24D3AD}.Debug|Any CPU.Build.0 = Debug|Any CPU
		{21A07402-CBC7-47E5-BB0F-70810F24D3AD}.Release|Any CPU.ActiveCfg = Release|Any CPU
		{21A07402-CBC7-47E5-BB0F-70810F24D3AD}.Release|Any CPU.Build.0 = Release|Any CPU
		{88AA7BD8-C362-49A2-B37A-6DA41EB9A738}.Debug|Any CPU.ActiveCfg = Debug|Any CPU
		{88AA7BD8-C362-49A2-B37A-6DA41EB9A738}.Debug|Any CPU.Build.0 = Debug|Any CPU
		{88AA7BD8-C362-49A2-B37A-6DA41EB9A738}.Release|Any CPU.ActiveCfg = Release|Any CPU
		{88AA7BD8-C362-49A2-B37A-6DA41EB9A738}.Release|Any CPU.Build.0 = Release|Any CPU
		{6FC7CCAA-6771-46FE-928E-9EC942D422F9}.Debug|Any CPU.ActiveCfg = Debug|Any CPU
		{6FC7CCAA-6771-46FE-928E-9EC942D422F9}.Debug|Any CPU.Build.0 = Debug|Any CPU
		{6FC7CCAA-6771-46FE-928E-9EC942D422F9}.Release|Any CPU.ActiveCfg = Release|Any CPU
		{6FC7CCAA-6771-46FE-928E-9EC942D422F9}.Release|Any CPU.Build.0 = Release|Any CPU
		{719DCA87-D40C-4EA3-98B0-AE7713076C5E}.Debug|Any CPU.ActiveCfg = Debug|Any CPU
		{719DCA87-D40C-4EA3-98B0-AE7713076C5E}.Debug|Any CPU.Build.0 = Debug|Any CPU
		{719DCA87-D40C-4EA3-98B0-AE7713076C5E}.Release|Any CPU.ActiveCfg = Release|Any CPU
		{719DCA87-D40C-4EA3-98B0-AE7713076C5E}.Release|Any CPU.Build.0 = Release|Any CPU
		{BBE8356D-9258-43DB-8E3C-1B64D6966D39}.Debug|Any CPU.ActiveCfg = Debug|Any CPU
		{BBE8356D-9258-43DB-8E3C-1B64D6966D39}.Debug|Any CPU.Build.0 = Debug|Any CPU
		{BBE8356D-9258-43DB-8E3C-1B64D6966D39}.Release|Any CPU.ActiveCfg = Release|Any CPU
		{BBE8356D-9258-43DB-8E3C-1B64D6966D39}.Release|Any CPU.Build.0 = Release|Any CPU
	EndGlobalSection
	GlobalSection(SolutionProperties) = preSolution
		HideSolutionNode = FALSE
	EndGlobalSection
	GlobalSection(ExtensibilityGlobals) = postSolution
		SolutionGuid = {E7AAE137-FD4B-4D05-B21B-74C8C8DBFB41}
	EndGlobalSection
EndGlobal
